
Microsoft Visual Studio Solution File, Format Version 12.00
# Visual Studio 14
VisualStudioVersion = 14.0.25123.0
MinimumVisualStudioVersion = 10.0.40219.1
Project("{FAE04EC0-301F-11D3-BF4B-00C04F79EFBC}") = "ColorWebsite.Api", "ColorWebsite.Api\ColorWebsite.Api.csproj", "{DD6C17DE-5AEB-423F-A668-8641C499FDB9}"
EndProject
Project("{FAE04EC0-301F-11D3-BF4B-00C04F79EFBC}") = "ColorWebsite.ApiTest", "ColorWebsite.ApiTest\ColorWebsite.ApiTest.csproj", "{4798A0D9-D444-4EAB-988E-214EB68CCD2C}"
EndProject
Global
	GlobalSection(SolutionConfigurationPlatforms) = preSolution
		Debug|Any CPU = Debug|Any CPU
		Release|Any CPU = Release|Any CPU
	EndGlobalSection
	GlobalSection(ProjectConfigurationPlatforms) = postSolution
		{DD6C17DE-5AEB-423F-A668-8641C499FDB9}.Debug|Any CPU.ActiveCfg = Debug|Any CPU
		{DD6C17DE-5AEB-423F-A668-8641C499FDB9}.Debug|Any CPU.Build.0 = Debug|Any CPU
		{DD6C17DE-5AEB-423F-A668-8641C499FDB9}.Release|Any CPU.ActiveCfg = Release|Any CPU
		{DD6C17DE-5AEB-423F-A668-8641C499FDB9}.Release|Any CPU.Build.0 = Release|Any CPU
		{4798A0D9-D444-4EAB-988E-214EB68CCD2C}.Debug|Any CPU.ActiveCfg = Debug|Any CPU
		{4798A0D9-D444-4EAB-988E-214EB68CCD2C}.Debug|Any CPU.Build.0 = Debug|Any CPU
		{4798A0D9-D444-4EAB-988E-214EB68CCD2C}.Release|Any CPU.ActiveCfg = Release|Any CPU
		{4798A0D9-D444-4EAB-988E-214EB68CCD2C}.Release|Any CPU.Build.0 = Release|Any CPU
	EndGlobalSection
	GlobalSection(SolutionProperties) = preSolution
		HideSolutionNode = FALSE
	EndGlobalSection

EndGlobal
